<?xml version="1.0" encoding="utf-8"?>
<Project ToolsVersion="4.0" xmlns="http://schemas.microsoft.com/developer/msbuild/2003">
  <ItemGroup>
    <ClCompile Include="main.cpp" />
    <ClCompile Include="testing\testing.cpp">
      <Filter>Testing</Filter>
    </ClCompile>
    <ClCompile Include="spell_checker\dictionary_tree_node.cpp">
      <Filter>SpellChecker\Source</Filter>
    </ClCompile>
    <ClCompile Include="testing\dictionary_tree_node_testing.cpp">
      <Filter>Testing\DictionaryTreeNode</Filter>
    </ClCompile>
  </ItemGroup>
  <ItemGroup>
    <Filter Include="SpellChecker">
      <UniqueIdentifier>{00b94052-6490-48b1-812b-878c4b0f89cd}</UniqueIdentifier>
    </Filter>
    <Filter Include="SpellChecker\Headers">
      <UniqueIdentifier>{f8adb29c-ea07-4919-b07d-1ce8451e38af}</UniqueIdentifier>
    </Filter>
    <Filter Include="SpellChecker\Source">
      <UniqueIdentifier>{e36817b3-0d65-41a2-8ca4-deb97f9bcbc5}</UniqueIdentifier>
    </Filter>
    <Filter Include="Testing">
      <UniqueIdentifier>{cbf0db5b-d002-4e52-bcec-93b786122783}</UniqueIdentifier>
    </Filter>
    <Filter Include="Testing\DictionaryTreeNode">
      <UniqueIdentifier>{aad52291-d2f2-46df-ab60-cac280e6a744}</UniqueIdentifier>
    </Filter>
  </ItemGroup>
  <ItemGroup>
    <ClInclude Include="testing\testing.h">
      <Filter>Testing</Filter>
    </ClInclude>
    <ClInclude Include="main.h" />
    <ClInclude Include="testing\dictionary_tree_node_testing.h">
      <Filter>Testing\DictionaryTreeNode</Filter>
    </ClInclude>
    <ClInclude Include="spell_checker\dictionary_tree_node.h">
      <Filter>SpellChecker\Headers</Filter>
    </ClInclude>
    <ClInclude Include="testing\spell_checker_testing.h">
      <Filter>Testing</Filter>
    </ClInclude>
  </ItemGroup>
</Project>